
Microsoft Visual Studio Solution File, Format Version 12.00
# Visual Studio Version 17
VisualStudioVersion = 17.14.36518.9 d17.14
MinimumVisualStudioVersion = 10.0.40219.1
Project("{FAE04EC0-301F-11D3-BF4B-00C04F79EFBC}") = "NetCoreAI.Project6_DallEImageGeneration", "NetCoreAI.Project6_DallEImageGeneration.csproj", "{BAFF161F-039C-41E0-9D21-DB8AE104A1CD}"
EndProject
Global
	GlobalSection(SolutionConfigurationPlatforms) = preSolution
		Debug|Any CPU = Debug|Any CPU
		Release|Any CPU = Release|Any CPU
	EndGlobalSection
	GlobalSection(ProjectConfigurationPlatforms) = postSolution
		{BAFF161F-039C-41E0-9D21-DB8AE104A1CD}.Debug|Any CPU.ActiveCfg = Debug|Any CPU
		{BAFF161F-039C-41E0-9D21-DB8AE104A1CD}.Debug|Any CPU.Build.0 = Debug|Any CPU
		{BAFF161F-039C-41E0-9D21-DB8AE104A1CD}.Release|Any CPU.ActiveCfg = Release|Any CPU
		{BAFF161F-039C-41E0-9D21-DB8AE104A1CD}.Release|Any CPU.Build.0 = Release|Any CPU
	EndGlobalSection
	GlobalSection(SolutionProperties) = preSolution
		HideSolutionNode = FALSE
	EndGlobalSection
	GlobalSection(ExtensibilityGlobals) = postSolution
		SolutionGuid = {BD3319E4-C2F6-4560-95E0-0DCF8D6CEBF0}
	EndGlobalSection
EndGlobal
